
Microsoft Visual Studio Solution File, Format Version 12.00
# Visual Studio Version 16
VisualStudioVersion = 16.0.30907.101
MinimumVisualStudioVersion = 10.0.40219.1
Project("{9A19103F-16F7-4668-BE54-9A1E7A4F7556}") = "Instituto.Web", "Instituto.Web\Instituto.Web.csproj", "{0DE45E38-EA0A-4D09-9CAF-A7ABE3177D92}"
EndProject
Global
	GlobalSection(SolutionConfigurationPlatforms) = preSolution
		Debug|Any CPU = Debug|Any CPU
		Release|Any CPU = Release|Any CPU
	EndGlobalSection
	GlobalSection(ProjectConfigurationPlatforms) = postSolution
		{0DE45E38-EA0A-4D09-9CAF-A7ABE3177D92}.Debug|Any CPU.ActiveCfg = Debug|Any CPU
		{0DE45E38-EA0A-4D09-9CAF-A7ABE3177D92}.Debug|Any CPU.Build.0 = Debug|Any CPU
		{0DE45E38-EA0A-4D09-9CAF-A7ABE3177D92}.Release|Any CPU.ActiveCfg = Release|Any CPU
		{0DE45E38-EA0A-4D09-9CAF-A7ABE3177D92}.Release|Any CPU.Build.0 = Release|Any CPU
	EndGlobalSection
	GlobalSection(SolutionProperties) = preSolution
		HideSolutionNode = FALSE
	EndGlobalSection
	GlobalSection(ExtensibilityGlobals) = postSolution
		SolutionGuid = {835248E0-2C56-4ABD-9B32-4998F2C94C1D}
	EndGlobalSection
EndGlobal
